// !$*UTF8*$!
{
	archiveVersion = 1;
	classes = {
	};
	objectVersion = 48;
	objects = {

/* Begin PBXBuildFile section */
		6FA313EF2063B77400EB267A /* AppDelegate.swift in Sources */ = {isa = PBXBuildFile; fileRef = 6FA313EE2063B77400EB267A /* AppDelegate.swift */; };
		6FA313F12063B77400EB267A /* ViewController.swift in Sources */ = {isa = PBXBuildFile; fileRef = 6FA313F02063B77400EB267A /* ViewController.swift */; };
		6FA313F42063B77400EB267A /* Main.storyboard in Resources */ = {isa = PBXBuildFile; fileRef = 6FA313F22063B77400EB267A /* Main.storyboard */; };
		6FA313F72063B77400EB267A /* Prueba.xcdatamodeld in Sources */ = {isa = PBXBuildFile; fileRef = 6FA313F52063B77400EB267A /* Prueba.xcdatamodeld */; };
		6FA313F92063B77400EB267A /* Assets.xcassets in Resources */ = {isa = PBXBuildFile; fileRef = 6FA313F82063B77400EB267A /* Assets.xcassets */; };
		6FA313FC2063B77400EB267A /* LaunchScreen.storyboard in Resources */ = {isa = PBXBuildFile; fileRef = 6FA313FA2063B77400EB267A /* LaunchScreen.storyboard */; };
		6FA6B0312073AD210098DD93 /* VCRegistre.swift in Sources */ = {isa = PBXBuildFile; fileRef = 6FA6B0302073AD210098DD93 /* VCRegistre.swift */; };
/* End PBXBuildFile section */

/* Begin PBXFileReference section */
		6FA313EB2063B77400EB267A /* Prueba.app */ = {isa = PBXFileReference; explicitFileType = wrapper.application; includeInIndex = 0; path = Prueba.app; sourceTree = BUILT_PRODUCTS_DIR; };
		6FA313EE2063B77400EB267A /* AppDelegate.swift */ = {isa = PBXFileReference; lastKnownFileType = sourcecode.swift; path = AppDelegate.swift; sourceTree = "<group>"; };
		6FA313F02063B77400EB267A /* ViewController.swift */ = {isa = PBXFileReference; lastKnownFileType = sourcecode.swift; path = ViewController.swift; sourceTree = "<group>"; };
		6FA313F32063B77400EB267A /* Base */ = {isa = PBXFileReference; lastKnownFileType = file.storyboard; name = Base; path = Base.lproj/Main.storyboard; sourceTree = "<group>"; };
		6FA313F62063B77400EB267A /* Prueba.xcdatamodel */ = {isa = PBXFileReference; lastKnownFileType = wrapper.xcdatamodel; path = Prueba.xcdatamodel; sourceTree = "<group>"; };
		6FA313F82063B77400EB267A /* Assets.xcassets */ = {isa = PBXFileReference; lastKnownFileType = folder.assetcatalog; path = Assets.xcassets; sourceTree = "<group>"; };
		6FA313FB2063B77400EB267A /* Base */ = {isa = PBXFileReference; lastKnownFileType = file.storyboard; name = Base; path = Base.lproj/LaunchScreen.storyboard; sourceTree = "<group>"; };
		6FA313FD2063B77400EB267A /* Info.plist */ = {isa = PBXFileReference; lastKnownFileType = text.plist.xml; path = Info.plist; sourceTree = "<group>"; };
		6FA6B0302073AD210098DD93 /* VCRegistre.swift */ = {isa = PBXFileReference; lastKnownFileType = sourcecode.swift; path = VCRegistre.swift; sourceTree = "<group>"; };
/* End PBXFileReference section */

/* Begin PBXFrameworksBuildPhase section */
		6FA313E82063B77400EB267A /* Frameworks */ = {
			isa = PBXFrameworksBuildPhase;
			buildActionMask = 2147483647;
			files = (
			);
			runOnlyForDeploymentPostprocessing = 0;
		};
/* End PBXFrameworksBuildPhase section */

/* Begin PBXGroup section */
		6FA313E22063B77400EB267A = {
			isa = PBXGroup;
			children = (
				6FA6B0302073AD210098DD93 /* VCRegistre.swift */,
				6FA313ED2063B77400EB267A /* Prueba */,
				6FA313EC2063B77400EB267A /* Products */,
			);
			sourceTree = "<group>";
		};
		6FA313EC2063B77400EB267A /* Products */ = {
			isa = PBXGroup;
			children = (
				6FA313EB2063B77400EB267A /* Prueba.app */,
			);
			name = Products;
			sourceTree = "<group>";
		};
		6FA313ED2063B77400EB267A /* Prueba */ = {
			isa = PBXGroup;
			children = (
				6FA313EE2063B77400EB267A /* AppDelegate.swift */,
				6FA313F02063B77400EB267A /* ViewController.swift */,
				6FA313F22063B77400EB267A /* Main.storyboard */,
				6FA313F82063B77400EB267A /* Assets.xcassets */,
				6FA313FA2063B77400EB267A /* LaunchScreen.storyboard */,
				6FA313FD2063B77400EB267A /* Info.plist */,
				6FA313F52063B77400EB267A /* Prueba.xcdatamodeld */,
			);
			path = Prueba;
			sourceTree = "<group>";
		};
/* End PBXGroup section */

/* Begin PBXNativeTarget section */
		6FA313EA2063B77400EB267A /* Prueba */ = {
			isa = PBXNativeTarget;
			buildConfigurationList = 6FA314002063B77400EB267A /* Build configuration list for PBXNativeTarget "Prueba" */;
			buildPhases = (
				6FA313E72063B77400EB267A /* Sources */,
				6FA313E82063B77400EB267A /* Frameworks */,
				6FA313E92063B77400EB267A /* Resources */,
			);
			buildRules = (
			);
			dependencies = (
			);
			name = Prueba;
			productName = Prueba;
			productReference = 6FA313EB2063B77400EB267A /* Prueba.app */;
			productType = "com.apple.product-type.application";
		};
/* End PBXNativeTarget section */

/* Begin PBXProject section */
		6FA313E32063B77400EB267A /* Project object */ = {
			isa = PBXProject;
			attributes = {
				LastSwiftUpdateCheck = 0920;
				LastUpgradeCheck = 0920;
				ORGANIZATIONNAME = "PABLO CRUZ MENDEZ";
				TargetAttributes = {
					6FA313EA2063B77400EB267A = {
						CreatedOnToolsVersion = 9.2;
						ProvisioningStyle = Automatic;
					};
				};
			};
			buildConfigurationList = 6FA313E62063B77400EB267A /* Build configuration list for PBXProject "Prueba" */;
			compatibilityVersion = "Xcode 8.0";
			developmentRegion = en;
			hasScannedForEncodings = 0;
			knownRegions = (
				en,
				Base,
			);
			mainGroup = 6FA313E22063B77400EB267A;
			productRefGroup = 6FA313EC2063B77400EB267A /* Products */;
			projectDirPath = "";
			projectRoot = "";
			targets = (
				6FA313EA2063B77400EB267A /* Prueba */,
			);
		};
/* End PBXProject section */

/* Begin PBXResourcesBuildPhase section */
		6FA313E92063B77400EB267A /* Resources */ = {
			isa = PBXResourcesBuildPhase;
			buildActionMask = 2147483647;
			files = (
				6FA313FC2063B77400EB267A /* LaunchScreen.storyboard in Resources */,
				6FA313F92063B77400EB267A /* Assets.xcassets in Resources */,
				6FA313F42063B77400EB267A /* Main.storyboard in Resources */,
			);
			runOnlyForDeploymentPostprocessing = 0;
		};
/* End PBXResourcesBuildPhase section */

/* Begin PBXSourcesBuildPhase section */
		6FA313E72063B77400EB267A /* Sources */ = {
			isa = PBXSourcesBuildPhase;
			buildActionMask = 2147483647;
			files = (
				6FA313F12063B77400EB267A /* ViewController.swift in Sources */,
				6FA6B0312073AD210098DD93 /* VCRegistre.swift in Sources */,
				6FA313EF2063B77400EB267A /* AppDelegate.swift in Sources */,
				6FA313F72063B77400EB267A /* Prueba.xcdatamodeld in Sources */,
			);
			runOnlyForDeploymentPostprocessing = 0;
		};
/* End PBXSourcesBuildPhase section */

/* Begin PBXVariantGroup section */
		6FA313F22063B77400EB267A /* Main.storyboard */ = {
			isa = PBXVariantGroup;
			children = (
				6FA313F32063B77400EB267A /* Base */,
			);
			name = Main.storyboard;
			sourceTree = "<group>";
		};
		6FA313FA2063B77400EB267A /* LaunchScreen.storyboard */ = {
			isa = PBXVariantGroup;
			children = (
				6FA313FB2063B77400EB267A /* Base */,
			);
			name = LaunchScreen.storyboard;
			sourceTree = "<group>";
		};
/* End PBXVariantGroup section */

/* Begin XCBuildConfiguration section */
		6FA313FE2063B77400EB267A /* Debug */ = {
			isa = XCBuildConfiguration;
			buildSettings = {
				ALWAYS_SEARCH_USER_PATHS = NO;
				CLANG_ANALYZER_NONNULL = YES;
				CLANG_ANALYZER_NUMBER_OBJECT_CONVERSION = YES_AGGRESSIVE;
				CLANG_CXX_LANGUAGE_STANDARD = "gnu++14";
				CLANG_CXX_LIBRARY = "libc++";
				CLANG_ENABLE_MODULES = YES;
				CLANG_ENABLE_OBJC_ARC = YES;
				CLANG_WARN_BLOCK_CAPTURE_AUTORELEASING = YES;
				CLANG_WARN_BOOL_CONVERSION = YES;
				CLANG_WARN_COMMA = YES;
				CLANG_WARN_CONSTANT_CONVERSION = YES;
				CLANG_WARN_DIRECT_OBJC_ISA_USAGE = YES_ERROR;
				CLANG_WARN_DOCUMENTATION_COMMENTS = YES;
				CLANG_WARN_EMPTY_BODY = YES;
				CLANG_WARN_ENUM_CONVERSION = YES;
				CLANG_WARN_INFINITE_RECURSION = YES;
				CLANG_WARN_INT_CONVERSION = YES;
				CLANG_WARN_NON_LITERAL_NULL_CONVERSION = YES;
				CLANG_WARN_OBJC_LITERAL_CONVERSION = YES;
				CLANG_WARN_OBJC_ROOT_CLASS = YES_ERROR;
				CLANG_WARN_RANGE_LOOP_ANALYSIS = YES;
				CLANG_WARN_STRICT_PROTOTYPES = YES;
				CLANG_WARN_SUSPICIOUS_MOVE = YES;
				CLANG_WARN_UNGUARDED_AVAILABILITY = YES_AGGRESSIVE;
				CLANG_WARN_UNREACHABLE_CODE = YES;
				CLANG_WARN__DUPLICATE_METHOD_MATCH = YES;
				CODE_SIGN_IDENTITY = "iPhone Developer";
				COPY_PHASE_STRIP = NO;
				DEBUG_INFORMATION_FORMAT = dwarf;
				ENABLE_STRICT_OBJC_MSGSEND = YES;
				ENABLE_TESTABILITY = YES;
				GCC_C_LANGUAGE_STANDARD = gnu11;
				GCC_DYNAMIC_NO_PIC = NO;
				GCC_NO_COMMON_BLOCKS = YES;
				GCC_OPTIMIZATION_LEVEL = 0;
				GCC_PREPROCESSOR_DEFINITIONS = (
					"DEBUG=1",
					"$(inherited)",
				);
				GCC_WARN_64_TO_32_BIT_CONVERSION = YES;
				GCC_WARN_ABOUT_RETURN_TYPE = YES_ERROR;
				GCC_WARN_UNDECLARED_SELECTOR = YES;
				GCC_WARN_UNINITIALIZED_AUTOS = YES_AGGRESSIVE;
				GCC_WARN_UNUSED_FUNCTION = YES;
				GCC_WARN_UNUSED_VARIABLE = YES;
				IPHONEOS_DEPLOYMENT_TARGET = 11.2;
				MTL_ENABLE_DEBUG_INFO = YES;
				ONLY_ACTIVE_ARCH = YES;
				SDKROOT = iphoneos;
				SWIFT_ACTIVE_COMPILATION_CONDITIONS = DEBUG;
				SWIFT_OPTIMIZATION_LEVEL = "-Onone";
			};
			name = Debug;
		};
		6FA313FF2063B77400EB267A /* Release */ = {
			isa = XCBuildConfiguration;
			buildSettings = {
				ALWAYS_SEARCH_USER_PATHS = NO;
				CLANG_ANALYZER_NONNULL = YES;
				CLANG_ANALYZER_NUMBER_OBJECT_CONVERSION = YES_AGGRESSIVE;
				CLANG_CXX_LANGUAGE_STANDARD = "gnu++14";
				CLANG_CXX_LIBRARY = "libc++";
				CLANG_ENABLE_MODULES = YES;
				CLANG_ENABLE_OBJC_ARC = YES;
				CLANG_WARN_BLOCK_CAPTURE_AUTORELEASING = YES;
				CLANG_WARN_BOOL_CONVERSION = YES;
				CLANG_WARN_COMMA = YES;
				CLANG_WARN_CONSTANT_CONVERSION = YES;
				CLANG_WARN_DIRECT_OBJC_ISA_USAGE = YES_ERROR;
				CLANG_WARN_DOCUMENTATION_COMMENTS = YES;
				CLANG_WARN_EMPTY_BODY = YES;
				CLANG_WARN_ENUM_CONVERSION = YES;
				CLANG_WARN_INFINITE_RECURSION = YES;
				CLANG_WARN_INT_CONVERSION = YES;
				CLANG_WARN_NON_LITERAL_NULL_CONVERSION = YES;
				CLANG_WARN_OBJC_LITERAL_CONVERSION = YES;
				CLANG_WARN_OBJC_ROOT_CLASS = YES_ERROR;
				CLANG_WARN_RANGE_LOOP_ANALYSIS = YES;
				CLANG_WARN_STRICT_PROTOTYPES = YES;
				CLANG_WARN_SUSPICIOUS_MOVE = YES;
				CLANG_WARN_UNGUARDED_AVAILABILITY = YES_AGGRESSIVE;
				CLANG_WARN_UNREACHABLE_CODE = YES;
				CLANG_WARN__DUPLICATE_METHOD_MATCH = YES;
				CODE_SIGN_IDENTITY = "iPhone Developer";
				COPY_PHASE_STRIP = NO;
				DEBUG_INFORMATION_FORMAT = "dwarf-with-dsym";
				ENABLE_NS_ASSERTIONS = NO;
				ENABLE_STRICT_OBJC_MSGSEND = YES;
				GCC_C_LANGUAGE_STANDARD = gnu11;
				GCC_NO_COMMON_BLOCKS = YES;
				GCC_WARN_64_TO_32_BIT_CONVERSION = YES;
				GCC_WARN_ABOUT_RETURN_TYPE = YES_ERROR;
				GCC_WARN_UNDECLARED_SELECTOR = YES;
				GCC_WARN_UNINITIALIZED_AUTOS = YES_AGGRESSIVE;
				GCC_WARN_UNUSED_FUNCTION = YES;
				GCC_WARN_UNUSED_VARIABLE = YES;
				IPHONEOS_DEPLOYMENT_TARGET = 11.2;
				MTL_ENABLE_DEBUG_INFO = NO;
				SDKROOT = iphoneos;
				SWIFT_OPTIMIZATION_LEVEL = "-Owholemodule";
				VALIDATE_PRODUCT = YES;
			};
			name = Release;
		};
		6FA314012063B77400EB267A /* Debug */ = {
			isa = XCBuildConfiguration;
			buildSettings = {
				ASSETCATALOG_COMPILER_APPICON_NAME = AppIcon;
				CODE_SIGN_STYLE = Automatic;
				INFOPLIST_FILE = Prueba/Info.plist;
				LD_RUNPATH_SEARCH_PATHS = "$(inherited) @executable_path/Frameworks";
				PRODUCT_BUNDLE_IDENTIFIER = "Team-Benri.Prueba";
				PRODUCT_NAME = "$(TARGET_NAME)";
				SWIFT_VERSION = 4.0;
				TARGETED_DEVICE_FAMILY = "1,2";
			};
			name = Debug;
		};
		6FA314022063B77400EB267A /* Release */ = {
			isa = XCBuildConfiguration;
			buildSettings = {
				ASSETCATALOG_COMPILER_APPICON_NAME = AppIcon;
				CODE_SIGN_STYLE = Automatic;
				INFOPLIST_FILE = Prueba/Info.plist;
				LD_RUNPATH_SEARCH_PATHS = "$(inherited) @executable_path/Frameworks";
				PRODUCT_BUNDLE_IDENTIFIER = "Team-Benri.Prueba";
				PRODUCT_NAME = "$(TARGET_NAME)";
				SWIFT_VERSION = 4.0;
				TARGETED_DEVICE_FAMILY = "1,2";
			};
			name = Release;
		};
/* End XCBuildConfiguration section */

/* Begin XCConfigurationList section */
		6FA313E62063B77400EB267A /* Build configuration list for PBXProject "Prueba" */ = {
			isa = XCConfigurationList;
			buildConfigurations = (
				6FA313FE2063B77400EB267A /* Debug */,
				6FA313FF2063B77400EB267A /* Release */,
			);
			defaultConfigurationIsVisible = 0;
			defaultConfigurationName = Release;
		};
		6FA314002063B77400EB267A /* Build configuration list for PBXNativeTarget "Prueba" */ = {
			isa = XCConfigurationList;
			buildConfigurations = (
				6FA314012063B77400EB267A /* Debug */,
				6FA314022063B77400EB267A /* Release */,
			);
			defaultConfigurationIsVisible = 0;
			defaultConfigurationName = Release;
		};
/* End XCConfigurationList section */

/* Begin XCVersionGroup section */
		6FA313F52063B77400EB267A /* Prueba.xcdatamodeld */ = {
			isa = XCVersionGroup;
			children = (
				6FA313F62063B77400EB267A /* Prueba.xcdatamodel */,
			);
			currentVersion = 6FA313F62063B77400EB267A /* Prueba.xcdatamodel */;
			path = Prueba.xcdatamodeld;
			sourceTree = "<group>";
			versionGroupType = wrapper.xcdatamodel;
		};
/* End XCVersionGroup section */
	};
	rootObject = 6FA313E32063B77400EB267A /* Project object */;
}
